# This file is autogenerated, do not edit; changes may be undone by the next 'dep ensure'.


[[projects]]
  branch = "master"
  digest = "1:368dfded41048fc69ded3656c63480a98b95b5e9994798ac7a1b62f130048bda"
  name = "github.com/streadway/amqp"
  packages = ["."]
  pruneopts = "UT"
  revision = "e6b33f460591b0acb2f13b04ef9cf493720ffe17"

[solve-meta]
  analyzer-name = "dep"
  analyzer-version = 1
  input-imports = ["github.com/streadway/amqp"]
  solver-name = "gps-cdcl"
  solver-version = 1
